PODS:
  - XROCSupport (0.5.0):
    - XROCSupport/A (= 0.5.0)
    - XROCSupport/Base (= 0.5.0)
    - XROCSupport/Category (= 0.5.0)
  - XROCSupport/A (0.5.0)
  - XROCSupport/Base (0.5.0):
    - XROCSupport/A
  - XROCSupport/Category (0.5.0):
    - XROCSupport/A

DEPENDENCIES:
  - XROCSupport (from `../`)

EXTERNAL SOURCES:
  XROCSupport:
    :path: "../"

SPEC CHECKSUMS:
  XROCSupport: b6b655410819e4da00ab7505c8119d26a261445d

PODFILE CHECKSUM: f6db3e86677c3ec6216610d3b395b384d2f031c4

COCOAPODS: 1.11.2
