PODS:
  - XROCSupport (0.4.3):
    - XROCSupport/Base (= 0.4.3)
    - XROCSupport/Category (= 0.4.3)
    - XROCSupport/Tools (= 0.4.3)
  - XROCSupport/Base (0.4.3)
  - XROCSupport/Category (0.4.3)
  - XROCSupport/Tools (0.4.3)

DEPENDENCIES:
  - XROCSupport (from `../`)

EXTERNAL SOURCES:
  XROCSupport:
    :path: "../"

SPEC CHECKSUMS:
  XROCSupport: afc8c36c7d65031dfaa2413dd0996b1aa60ebec8

PODFILE CHECKSUM: f6db3e86677c3ec6216610d3b395b384d2f031c4

COCOAPODS: 1.11.2
